PODS:
  - Alamofire (4.4.0)
  - OVReachability (0.1.0):
    - Alamofire

DEPENDENCIES:
  - OVReachability (from `../`)

EXTERNAL SOURCES:
  OVReachability:
    :path: ../

SPEC CHECKSUMS:
  Alamofire: dc44b1600b800eb63da6a19039a0083d62a6a62d
  OVReachability: 358c50ed07fac07910c6fcabe987060137c263f3

PODFILE CHECKSUM: 06e3e16bd195bc0de33a4826f86f1b08aafa8816

COCOAPODS: 1.2.1
