PODS:
  - Alamofire (4.6.0)
  - OVReachability (1.1.0):
    - Alamofire

DEPENDENCIES:
  - OVReachability (from `../`)

SPEC REPOS:
  https://github.com/cocoapods/specs.git:
    - Alamofire

EXTERNAL SOURCES:
  OVReachability:
    :path: "../"

SPEC CHECKSUMS:
  Alamofire: f41a599bd63041760b26d393ec1069d9d7b917f4
  OVReachability: f29c7885229c63b691e6d59d11d3d590b97f7718

PODFILE CHECKSUM: 06e3e16bd195bc0de33a4826f86f1b08aafa8816

COCOAPODS: 1.5.3
